
Microsoft Visual Studio Solution File, Format Version 12.00
# Visual Studio Version 16
VisualStudioVersion = 16.0.30804.86
MinimumVisualStudioVersion = 10.0.40219.1
Project("{FAE04EC0-301F-11D3-BF4B-00C04F79EFBC}") = "WindowsFormsApp1", "WindowsFormsApp1\WindowsFormsApp1.csproj", "{6CC2D411-4AF4-4D2D-B0B8-64F201F55B8C}"
EndProject
Global
	GlobalSection(SolutionConfigurationPlatforms) = preSolution
		Debug|Any CPU = Debug|Any CPU
		Release|Any CPU = Release|Any CPU
	EndGlobalSection
	GlobalSection(ProjectConfigurationPlatforms) = postSolution
		{6CC2D411-4AF4-4D2D-B0B8-64F201F55B8C}.Debug|Any CPU.ActiveCfg = Debug|Any CPU
		{6CC2D411-4AF4-4D2D-B0B8-64F201F55B8C}.Debug|Any CPU.Build.0 = Debug|Any CPU
		{6CC2D411-4AF4-4D2D-B0B8-64F201F55B8C}.Release|Any CPU.ActiveCfg = Release|Any CPU
		{6CC2D411-4AF4-4D2D-B0B8-64F201F55B8C}.Release|Any CPU.Build.0 = Release|Any CPU
	EndGlobalSection
	GlobalSection(SolutionProperties) = preSolution
		HideSolutionNode = FALSE
	EndGlobalSection
	GlobalSection(ExtensibilityGlobals) = postSolution
		SolutionGuid = {1696D832-2266-40DB-B364-4262CDF97EC9}
	EndGlobalSection
EndGlobal
